
Microsoft Visual Studio Solution File, Format Version 12.00
# Visual Studio Version 17
VisualStudioVersion = 17.11.35219.272
MinimumVisualStudioVersion = 10.0.40219.1
Project("{FAE04EC0-301F-11D3-BF4B-00C04F79EFBC}") = "ToDoApplication", "ToDoApplication.csproj", "{5B444DAD-0D83-497C-94CE-A703A7F6409F}"
EndProject
Project("{FAE04EC0-301F-11D3-BF4B-00C04F79EFBC}") = "Domain", "..\Domain\Domain.csproj", "{ABBE7C21-6B67-4BA0-8A69-3547BCFF724F}"
EndProject
Project("{FAE04EC0-301F-11D3-BF4B-00C04F79EFBC}") = "Application", "..\Application\Application.csproj", "{0AC24570-DB75-489D-A86D-9C526D396F6A}"
EndProject
Project("{FAE04EC0-301F-11D3-BF4B-00C04F79EFBC}") = "Infrastrcuture", "..\Infrastrcuture\Infrastrcuture.csproj", "{92DBDECD-902D-43E4-9F1A-78FDEA401EE2}"
EndProject
Project("{FAE04EC0-301F-11D3-BF4B-00C04F79EFBC}") = "Common", "..\Common\Common.csproj", "{059C448E-4326-4BEA-A385-C2F251CA013A}"
EndProject
Global
	GlobalSection(SolutionConfigurationPlatforms) = preSolution
		Debug|Any CPU = Debug|Any CPU
		Release|Any CPU = Release|Any CPU
	EndGlobalSection
	GlobalSection(ProjectConfigurationPlatforms) = postSolution
		{5B444DAD-0D83-497C-94CE-A703A7F6409F}.Debug|Any CPU.ActiveCfg = Debug|Any CPU
		{5B444DAD-0D83-497C-94CE-A703A7F6409F}.Debug|Any CPU.Build.0 = Debug|Any CPU
		{5B444DAD-0D83-497C-94CE-A703A7F6409F}.Release|Any CPU.ActiveCfg = Release|Any CPU
		{5B444DAD-0D83-497C-94CE-A703A7F6409F}.Release|Any CPU.Build.0 = Release|Any CPU
		{ABBE7C21-6B67-4BA0-8A69-3547BCFF724F}.Debug|Any CPU.ActiveCfg = Debug|Any CPU
		{ABBE7C21-6B67-4BA0-8A69-3547BCFF724F}.Debug|Any CPU.Build.0 = Debug|Any CPU
		{ABBE7C21-6B67-4BA0-8A69-3547BCFF724F}.Release|Any CPU.ActiveCfg = Release|Any CPU
		{ABBE7C21-6B67-4BA0-8A69-3547BCFF724F}.Release|Any CPU.Build.0 = Release|Any CPU
		{0AC24570-DB75-489D-A86D-9C526D396F6A}.Debug|Any CPU.ActiveCfg = Debug|Any CPU
		{0AC24570-DB75-489D-A86D-9C526D396F6A}.Debug|Any CPU.Build.0 = Debug|Any CPU
		{0AC24570-DB75-489D-A86D-9C526D396F6A}.Release|Any CPU.ActiveCfg = Release|Any CPU
		{0AC24570-DB75-489D-A86D-9C526D396F6A}.Release|Any CPU.Build.0 = Release|Any CPU
		{92DBDECD-902D-43E4-9F1A-78FDEA401EE2}.Debug|Any CPU.ActiveCfg = Debug|Any CPU
		{92DBDECD-902D-43E4-9F1A-78FDEA401EE2}.Debug|Any CPU.Build.0 = Debug|Any CPU
		{92DBDECD-902D-43E4-9F1A-78FDEA401EE2}.Release|Any CPU.ActiveCfg = Release|Any CPU
		{92DBDECD-902D-43E4-9F1A-78FDEA401EE2}.Release|Any CPU.Build.0 = Release|Any CPU
		{059C448E-4326-4BEA-A385-C2F251CA013A}.Debug|Any CPU.ActiveCfg = Debug|Any CPU
		{059C448E-4326-4BEA-A385-C2F251CA013A}.Debug|Any CPU.Build.0 = Debug|Any CPU
		{059C448E-4326-4BEA-A385-C2F251CA013A}.Release|Any CPU.ActiveCfg = Release|Any CPU
		{059C448E-4326-4BEA-A385-C2F251CA013A}.Release|Any CPU.Build.0 = Release|Any CPU
	EndGlobalSection
	GlobalSection(SolutionProperties) = preSolution
		HideSolutionNode = FALSE
	EndGlobalSection
	GlobalSection(ExtensibilityGlobals) = postSolution
		SolutionGuid = {756D37B4-C9F0-4FD5-BB1A-446545F81BA1}
	EndGlobalSection
EndGlobal
